
Microsoft Visual Studio Solution File, Format Version 12.00
# Visual Studio 15
VisualStudioVersion = 15.0.26430.15
MinimumVisualStudioVersion = 10.0.40219.1
Project("{9A19103F-16F7-4668-BE54-9A1E7A4F7556}") = "SampleWebApplication", "SampleWebApplication\SampleWebApplication.csproj", "{8FA1A0B2-1417-4C37-AC50-4DCED4569634}"
EndProject
Project("{FAE04EC0-301F-11D3-BF4B-00C04F79EFBC}") = "SampleWebApplication.Tests", "SampleWebApplication.Tests\SampleWebApplication.Tests.csproj", "{C9A7D2B0-062B-4409-9F30-8B481A47DF0B}"
EndProject
Global
	GlobalSection(SolutionConfigurationPlatforms) = preSolution
		Debug|Any CPU = Debug|Any CPU
		Release|Any CPU = Release|Any CPU
	EndGlobalSection
	GlobalSection(ProjectConfigurationPlatforms) = postSolution
		{8FA1A0B2-1417-4C37-AC50-4DCED4569634}.Debug|Any CPU.ActiveCfg = Debug|Any CPU
		{8FA1A0B2-1417-4C37-AC50-4DCED4569634}.Debug|Any CPU.Build.0 = Debug|Any CPU
		{8FA1A0B2-1417-4C37-AC50-4DCED4569634}.Release|Any CPU.ActiveCfg = Release|Any CPU
		{8FA1A0B2-1417-4C37-AC50-4DCED4569634}.Release|Any CPU.Build.0 = Release|Any CPU
		{C9A7D2B0-062B-4409-9F30-8B481A47DF0B}.Debug|Any CPU.ActiveCfg = Debug|Any CPU
		{C9A7D2B0-062B-4409-9F30-8B481A47DF0B}.Debug|Any CPU.Build.0 = Debug|Any CPU
		{C9A7D2B0-062B-4409-9F30-8B481A47DF0B}.Release|Any CPU.ActiveCfg = Release|Any CPU
		{C9A7D2B0-062B-4409-9F30-8B481A47DF0B}.Release|Any CPU.Build.0 = Release|Any CPU
	EndGlobalSection
	GlobalSection(SolutionProperties) = preSolution
		HideSolutionNode = FALSE
	EndGlobalSection
EndGlobal
